
Microsoft Visual Studio Solution File, Format Version 12.00
# Visual Studio Version 17
VisualStudioVersion = 17.6.33712.159
MinimumVisualStudioVersion = 10.0.40219.1
Project("{9A19103F-16F7-4668-BE54-9A1E7A4F7556}") = "STT", "STT\STT.csproj", "{365BED2D-CDE7-4848-8C4B-8BC698EEB3C0}"
EndProject
Project("{FAE04EC0-301F-11D3-BF4B-00C04F79EFBC}") = "TestApp", "TestApp\TestApp.csproj", "{1DA3BD4B-B9C5-4D6F-93BB-5EAB487D8FDA}"
EndProject
Global
	GlobalSection(SolutionConfigurationPlatforms) = preSolution
		Debug|Any CPU = Debug|Any CPU
		Release|Any CPU = Release|Any CPU
	EndGlobalSection
	GlobalSection(ProjectConfigurationPlatforms) = postSolution
		{365BED2D-CDE7-4848-8C4B-8BC698EEB3C0}.Debug|Any CPU.ActiveCfg = Debug|Any CPU
		{365BED2D-CDE7-4848-8C4B-8BC698EEB3C0}.Debug|Any CPU.Build.0 = Debug|Any CPU
		{365BED2D-CDE7-4848-8C4B-8BC698EEB3C0}.Release|Any CPU.ActiveCfg = Release|Any CPU
		{365BED2D-CDE7-4848-8C4B-8BC698EEB3C0}.Release|Any CPU.Build.0 = Release|Any CPU
		{1DA3BD4B-B9C5-4D6F-93BB-5EAB487D8FDA}.Debug|Any CPU.ActiveCfg = Debug|Any CPU
		{1DA3BD4B-B9C5-4D6F-93BB-5EAB487D8FDA}.Debug|Any CPU.Build.0 = Debug|Any CPU
		{1DA3BD4B-B9C5-4D6F-93BB-5EAB487D8FDA}.Release|Any CPU.ActiveCfg = Release|Any CPU
		{1DA3BD4B-B9C5-4D6F-93BB-5EAB487D8FDA}.Release|Any CPU.Build.0 = Release|Any CPU
	EndGlobalSection
	GlobalSection(SolutionProperties) = preSolution
		HideSolutionNode = FALSE
	EndGlobalSection
	GlobalSection(ExtensibilityGlobals) = postSolution
		SolutionGuid = {EC1F8A3D-1EC1-4BCE-9FD5-2C12D08F923D}
	EndGlobalSection
EndGlobal
